PODS:
  - Flutter (1.0.0)
  - forty_two (0.0.1):
    - Flutter

DEPENDENCIES:
  - Flutter (from `Flutter`)
  - forty_two (from `.symlinks/plugins/forty_two/ios`)

EXTERNAL SOURCES:
  Flutter:
    :path: Flutter
  forty_two:
    :path: ".symlinks/plugins/forty_two/ios"

SPEC CHECKSUMS:
  Flutter: 0e3d915762c693b495b44d77113d4970485de6ec
  forty_two: 6c4bfe151e4cab9a8b2defc3df8401cd2a02d63b

PODFILE CHECKSUM: aafe91acc616949ddb318b77800a7f51bffa2a4c

COCOAPODS: 1.9.3
