PODS:
  - battery (0.0.1):
    - Flutter
  - Flutter (1.0.0)

DEPENDENCIES:
  - battery (from `.symlinks/plugins/battery/ios`)
  - Flutter (from `Flutter`)

EXTERNAL SOURCES:
  battery:
    :path: ".symlinks/plugins/battery/ios"
  Flutter:
    :path: Flutter

SPEC CHECKSUMS:
  battery: f9c1c887ec7217067f6c132a384522829a62cc20
  Flutter: 0e3d915762c693b495b44d77113d4970485de6ec

PODFILE CHECKSUM: aafe91acc616949ddb318b77800a7f51bffa2a4c

COCOAPODS: 1.9.3
