PODS:
  - battery (0.0.1):
    - Flutter
  - Flutter (1.0.0)

DEPENDENCIES:
  - battery (from `.symlinks/plugins/battery/ios`)
  - Flutter (from `Flutter`)

EXTERNAL SOURCES:
  battery:
    :path: ".symlinks/plugins/battery/ios"
  Flutter:
    :path: Flutter

SPEC CHECKSUMS:
  battery: cac595e43e080fd0eed96c9b59f9bdb63890704a
  Flutter: 0e3d915762c693b495b44d77113d4970485de6ec

PODFILE CHECKSUM: c34e2287a9ccaa606aeceab922830efb9a6ff69a

COCOAPODS: 1.9.3
